// !$*UTF8*$!
{
	archiveVersion = 1;
	classes = {
	};
	objectVersion = 46;
	objects = {

/* Begin PBXBuildFile section */
		C5527DEB1D0895B30094A01A /* AppDelegate.swift in Sources */ = {isa = PBXBuildFile; fileRef = C5527DEA1D0895B30094A01A /* AppDelegate.swift */; };
		C5527DED1D0895B30094A01A /* ViewController.swift in Sources */ = {isa = PBXBuildFile; fileRef = C5527DEC1D0895B30094A01A /* ViewController.swift */; };
		C5527DF01D0895B30094A01A /* Main.storyboard in Resources */ = {isa = PBXBuildFile; fileRef = C5527DEE1D0895B30094A01A /* Main.storyboard */; };
		C5527DF21D0895B30094A01A /* Assets.xcassets in Resources */ = {isa = PBXBuildFile; fileRef = C5527DF11D0895B30094A01A /* Assets.xcassets */; };
		C5527DF51D0895B30094A01A /* LaunchScreen.storyboard in Resources */ = {isa = PBXBuildFile; fileRef = C5527DF31D0895B30094A01A /* LaunchScreen.storyboard */; };
		C5527DFE1D0896160094A01A /* Entity.swift in Sources */ = {isa = PBXBuildFile; fileRef = C5527DFD1D0896160094A01A /* Entity.swift */; };
		C5527E001D089A2C0094A01A /* EntitiesHelper.swift in Sources */ = {isa = PBXBuildFile; fileRef = C5527DFF1D089A2C0094A01A /* EntitiesHelper.swift */; };
		C5527E031D08BEB40094A01A /* TechCompaniesListViewController.swift in Sources */ = {isa = PBXBuildFile; fileRef = C5527E021D08BEB40094A01A /* TechCompaniesListViewController.swift */; };
/* End PBXBuildFile section */

/* Begin PBXFileReference section */
		C5527DE71D0895B30094A01A /* TechCompanies.app */ = {isa = PBXFileReference; explicitFileType = wrapper.application; includeInIndex = 0; path = TechCompanies.app; sourceTree = BUILT_PRODUCTS_DIR; };
		C5527DEA1D0895B30094A01A /* AppDelegate.swift */ = {isa = PBXFileReference; lastKnownFileType = sourcecode.swift; path = AppDelegate.swift; sourceTree = "<group>"; };
		C5527DEC1D0895B30094A01A /* ViewController.swift */ = {isa = PBXFileReference; lastKnownFileType = sourcecode.swift; path = ViewController.swift; sourceTree = "<group>"; };
		C5527DEF1D0895B30094A01A /* Base */ = {isa = PBXFileReference; lastKnownFileType = file.storyboard; name = Base; path = Base.lproj/Main.storyboard; sourceTree = "<group>"; };
		C5527DF11D0895B30094A01A /* Assets.xcassets */ = {isa = PBXFileReference; lastKnownFileType = folder.assetcatalog; path = Assets.xcassets; sourceTree = "<group>"; };
		C5527DF41D0895B30094A01A /* Base */ = {isa = PBXFileReference; lastKnownFileType = file.storyboard; name = Base; path = Base.lproj/LaunchScreen.storyboard; sourceTree = "<group>"; };
		C5527DF61D0895B30094A01A /* Info.plist */ = {isa = PBXFileReference; lastKnownFileType = text.plist.xml; path = Info.plist; sourceTree = "<group>"; };
		C5527DFD1D0896160094A01A /* Entity.swift */ = {isa = PBXFileReference; fileEncoding = 4; lastKnownFileType = sourcecode.swift; path = Entity.swift; sourceTree = "<group>"; };
		C5527DFF1D089A2C0094A01A /* EntitiesHelper.swift */ = {isa = PBXFileReference; fileEncoding = 4; lastKnownFileType = sourcecode.swift; path = EntitiesHelper.swift; sourceTree = "<group>"; };
		C5527E021D08BEB40094A01A /* TechCompaniesListViewController.swift */ = {isa = PBXFileReference; fileEncoding = 4; lastKnownFileType = sourcecode.swift; path = TechCompaniesListViewController.swift; sourceTree = "<group>"; };
/* End PBXFileReference section */

/* Begin PBXFrameworksBuildPhase section */
		C5527DE41D0895B30094A01A /* Frameworks */ = {
			isa = PBXFrameworksBuildPhase;
			buildActionMask = 2147483647;
			files = (
			);
			runOnlyForDeploymentPostprocessing = 0;
		};
/* End PBXFrameworksBuildPhase section */

/* Begin PBXGroup section */
		C5527DDE1D0895B30094A01A = {
			isa = PBXGroup;
			children = (
				C5527DE91D0895B30094A01A /* TechCompanies */,
				C5527DE81D0895B30094A01A /* Products */,
			);
			sourceTree = "<group>";
		};
		C5527DE81D0895B30094A01A /* Products */ = {
			isa = PBXGroup;
			children = (
				C5527DE71D0895B30094A01A /* TechCompanies.app */,
			);
			name = Products;
			sourceTree = "<group>";
		};
		C5527DE91D0895B30094A01A /* TechCompanies */ = {
			isa = PBXGroup;
			children = (
				C5527E011D08BE7D0094A01A /* ViewControllers */,
				C5527DFC1D0895F60094A01A /* Models */,
				C5527DEA1D0895B30094A01A /* AppDelegate.swift */,
				C5527DEC1D0895B30094A01A /* ViewController.swift */,
				C5527DEE1D0895B30094A01A /* Main.storyboard */,
				C5527DF11D0895B30094A01A /* Assets.xcassets */,
				C5527DF31D0895B30094A01A /* LaunchScreen.storyboard */,
				C5527DF61D0895B30094A01A /* Info.plist */,
			);
			path = TechCompanies;
			sourceTree = "<group>";
		};
		C5527DFC1D0895F60094A01A /* Models */ = {
			isa = PBXGroup;
			children = (
				C5527DFD1D0896160094A01A /* Entity.swift */,
				C5527DFF1D089A2C0094A01A /* EntitiesHelper.swift */,
			);
			name = Models;
			sourceTree = "<group>";
		};
		C5527E011D08BE7D0094A01A /* ViewControllers */ = {
			isa = PBXGroup;
			children = (
				C5527E021D08BEB40094A01A /* TechCompaniesListViewController.swift */,
			);
			name = ViewControllers;
			sourceTree = "<group>";
		};
/* End PBXGroup section */

/* Begin PBXNativeTarget section */
		C5527DE61D0895B30094A01A /* TechCompanies */ = {
			isa = PBXNativeTarget;
			buildConfigurationList = C5527DF91D0895B30094A01A /* Build configuration list for PBXNativeTarget "TechCompanies" */;
			buildPhases = (
				C5527DE31D0895B30094A01A /* Sources */,
				C5527DE41D0895B30094A01A /* Frameworks */,
				C5527DE51D0895B30094A01A /* Resources */,
			);
			buildRules = (
			);
			dependencies = (
			);
			name = TechCompanies;
			productName = TechCompanies;
			productReference = C5527DE71D0895B30094A01A /* TechCompanies.app */;
			productType = "com.apple.product-type.application";
		};
/* End PBXNativeTarget section */

/* Begin PBXProject section */
		C5527DDF1D0895B30094A01A /* Project object */ = {
			isa = PBXProject;
			attributes = {
				LastSwiftUpdateCheck = 0730;
				LastUpgradeCheck = 0730;
				ORGANIZATIONNAME = "Holberton School";
				TargetAttributes = {
					C5527DE61D0895B30094A01A = {
						CreatedOnToolsVersion = 7.3.1;
					};
				};
			};
			buildConfigurationList = C5527DE21D0895B30094A01A /* Build configuration list for PBXProject "TechCompanies" */;
			compatibilityVersion = "Xcode 3.2";
			developmentRegion = English;
			hasScannedForEncodings = 0;
			knownRegions = (
				en,
				Base,
			);
			mainGroup = C5527DDE1D0895B30094A01A;
			productRefGroup = C5527DE81D0895B30094A01A /* Products */;
			projectDirPath = "";
			projectRoot = "";
			targets = (
				C5527DE61D0895B30094A01A /* TechCompanies */,
			);
		};
/* End PBXProject section */

/* Begin PBXResourcesBuildPhase section */
		C5527DE51D0895B30094A01A /* Resources */ = {
			isa = PBXResourcesBuildPhase;
			buildActionMask = 2147483647;
			files = (
				C5527DF51D0895B30094A01A /* LaunchScreen.storyboard in Resources */,
				C5527DF21D0895B30094A01A /* Assets.xcassets in Resources */,
				C5527DF01D0895B30094A01A /* Main.storyboard in Resources */,
			);
			runOnlyForDeploymentPostprocessing = 0;
		};
/* End PBXResourcesBuildPhase section */

/* Begin PBXSourcesBuildPhase section */
		C5527DE31D0895B30094A01A /* Sources */ = {
			isa = PBXSourcesBuildPhase;
			buildActionMask = 2147483647;
			files = (
				C5527E001D089A2C0094A01A /* EntitiesHelper.swift in Sources */,
				C5527DED1D0895B30094A01A /* ViewController.swift in Sources */,
				C5527DEB1D0895B30094A01A /* AppDelegate.swift in Sources */,
				C5527E031D08BEB40094A01A /* TechCompaniesListViewController.swift in Sources */,
				C5527DFE1D0896160094A01A /* Entity.swift in Sources */,
			);
			runOnlyForDeploymentPostprocessing = 0;
		};
/* End PBXSourcesBuildPhase section */

/* Begin PBXVariantGroup section */
		C5527DEE1D0895B30094A01A /* Main.storyboard */ = {
			isa = PBXVariantGroup;
			children = (
				C5527DEF1D0895B30094A01A /* Base */,
			);
			name = Main.storyboard;
			sourceTree = "<group>";
		};
		C5527DF31D0895B30094A01A /* LaunchScreen.storyboard */ = {
			isa = PBXVariantGroup;
			children = (
				C5527DF41D0895B30094A01A /* Base */,
			);
			name = LaunchScreen.storyboard;
			sourceTree = "<group>";
		};
/* End PBXVariantGroup section */

/* Begin XCBuildConfiguration section */
		C5527DF71D0895B30094A01A /* Debug */ = {
			isa = XCBuildConfiguration;
			buildSettings = {
				ALWAYS_SEARCH_USER_PATHS = NO;
				CLANG_ANALYZER_NONNULL = YES;
				CLANG_CXX_LANGUAGE_STANDARD = "gnu++0x";
				CLANG_CXX_LIBRARY = "libc++";
				CLANG_ENABLE_MODULES = YES;
				CLANG_ENABLE_OBJC_ARC = YES;
				CLANG_WARN_BOOL_CONVERSION = YES;
				CLANG_WARN_CONSTANT_CONVERSION = YES;
				CLANG_WARN_DIRECT_OBJC_ISA_USAGE = YES_ERROR;
				CLANG_WARN_EMPTY_BODY = YES;
				CLANG_WARN_ENUM_CONVERSION = YES;
				CLANG_WARN_INT_CONVERSION = YES;
				CLANG_WARN_OBJC_ROOT_CLASS = YES_ERROR;
				CLANG_WARN_UNREACHABLE_CODE = YES;
				CLANG_WARN__DUPLICATE_METHOD_MATCH = YES;
				"CODE_SIGN_IDENTITY[sdk=iphoneos*]" = "iPhone Developer";
				COPY_PHASE_STRIP = NO;
				DEBUG_INFORMATION_FORMAT = dwarf;
				ENABLE_STRICT_OBJC_MSGSEND = YES;
				ENABLE_TESTABILITY = YES;
				GCC_C_LANGUAGE_STANDARD = gnu99;
				GCC_DYNAMIC_NO_PIC = NO;
				GCC_NO_COMMON_BLOCKS = YES;
				GCC_OPTIMIZATION_LEVEL = 0;
				GCC_PREPROCESSOR_DEFINITIONS = (
					"DEBUG=1",
					"$(inherited)",
				);
				GCC_WARN_64_TO_32_BIT_CONVERSION = YES;
				GCC_WARN_ABOUT_RETURN_TYPE = YES_ERROR;
				GCC_WARN_UNDECLARED_SELECTOR = YES;
				GCC_WARN_UNINITIALIZED_AUTOS = YES_AGGRESSIVE;
				GCC_WARN_UNUSED_FUNCTION = YES;
				GCC_WARN_UNUSED_VARIABLE = YES;
				IPHONEOS_DEPLOYMENT_TARGET = 9.3;
				MTL_ENABLE_DEBUG_INFO = YES;
				ONLY_ACTIVE_ARCH = YES;
				SDKROOT = iphoneos;
				SWIFT_OPTIMIZATION_LEVEL = "-Onone";
				TARGETED_DEVICE_FAMILY = "1,2";
			};
			name = Debug;
		};
		C5527DF81D0895B30094A01A /* Release */ = {
			isa = XCBuildConfiguration;
			buildSettings = {
				ALWAYS_SEARCH_USER_PATHS = NO;
				CLANG_ANALYZER_NONNULL = YES;
				CLANG_CXX_LANGUAGE_STANDARD = "gnu++0x";
				CLANG_CXX_LIBRARY = "libc++";
				CLANG_ENABLE_MODULES = YES;
				CLANG_ENABLE_OBJC_ARC = YES;
				CLANG_WARN_BOOL_CONVERSION = YES;
				CLANG_WARN_CONSTANT_CONVERSION = YES;
				CLANG_WARN_DIRECT_OBJC_ISA_USAGE = YES_ERROR;
				CLANG_WARN_EMPTY_BODY = YES;
				CLANG_WARN_ENUM_CONVERSION = YES;
				CLANG_WARN_INT_CONVERSION = YES;
				CLANG_WARN_OBJC_ROOT_CLASS = YES_ERROR;
				CLANG_WARN_UNREACHABLE_CODE = YES;
				CLANG_WARN__DUPLICATE_METHOD_MATCH = YES;
				"CODE_SIGN_IDENTITY[sdk=iphoneos*]" = "iPhone Developer";
				COPY_PHASE_STRIP = NO;
				DEBUG_INFORMATION_FORMAT = "dwarf-with-dsym";
				ENABLE_NS_ASSERTIONS = NO;
				ENABLE_STRICT_OBJC_MSGSEND = YES;
				GCC_C_LANGUAGE_STANDARD = gnu99;
				GCC_NO_COMMON_BLOCKS = YES;
				GCC_WARN_64_TO_32_BIT_CONVERSION = YES;
				GCC_WARN_ABOUT_RETURN_TYPE = YES_ERROR;
				GCC_WARN_UNDECLARED_SELECTOR = YES;
				GCC_WARN_UNINITIALIZED_AUTOS = YES_AGGRESSIVE;
				GCC_WARN_UNUSED_FUNCTION = YES;
				GCC_WARN_UNUSED_VARIABLE = YES;
				IPHONEOS_DEPLOYMENT_TARGET = 9.3;
				MTL_ENABLE_DEBUG_INFO = NO;
				SDKROOT = iphoneos;
				TARGETED_DEVICE_FAMILY = "1,2";
				VALIDATE_PRODUCT = YES;
			};
			name = Release;
		};
		C5527DFA1D0895B30094A01A /* Debug */ = {
			isa = XCBuildConfiguration;
			buildSettings = {
				ASSETCATALOG_COMPILER_APPICON_NAME = AppIcon;
				INFOPLIST_FILE = TechCompanies/Info.plist;
				LD_RUNPATH_SEARCH_PATHS = "$(inherited) @executable_path/Frameworks";
				PRODUCT_BUNDLE_IDENTIFIER = holbertonschool.com.TechCompanies;
				PRODUCT_NAME = "$(TARGET_NAME)";
			};
			name = Debug;
		};
		C5527DFB1D0895B30094A01A /* Release */ = {
			isa = XCBuildConfiguration;
			buildSettings = {
				ASSETCATALOG_COMPILER_APPICON_NAME = AppIcon;
				INFOPLIST_FILE = TechCompanies/Info.plist;
				LD_RUNPATH_SEARCH_PATHS = "$(inherited) @executable_path/Frameworks";
				PRODUCT_BUNDLE_IDENTIFIER = holbertonschool.com.TechCompanies;
				PRODUCT_NAME = "$(TARGET_NAME)";
			};
			name = Release;
		};
/* End XCBuildConfiguration section */

/* Begin XCConfigurationList section */
		C5527DE21D0895B30094A01A /* Build configuration list for PBXProject "TechCompanies" */ = {
			isa = XCConfigurationList;
			buildConfigurations = (
				C5527DF71D0895B30094A01A /* Debug */,
				C5527DF81D0895B30094A01A /* Release */,
			);
			defaultConfigurationIsVisible = 0;
			defaultConfigurationName = Release;
		};
		C5527DF91D0895B30094A01A /* Build configuration list for PBXNativeTarget "TechCompanies" */ = {
			isa = XCConfigurationList;
			buildConfigurations = (
				C5527DFA1D0895B30094A01A /* Debug */,
				C5527DFB1D0895B30094A01A /* Release */,
			);
			defaultConfigurationIsVisible = 0;
		};
/* End XCConfigurationList section */
	};
	rootObject = C5527DDF1D0895B30094A01A /* Project object */;
}
